
Microsoft Visual Studio Solution File, Format Version 12.00
# Visual Studio 15
VisualStudioVersion = 15.0.28307.779
MinimumVisualStudioVersion = 10.0.40219.1
Project("{FAE04EC0-301F-11D3-BF4B-00C04F79EFBC}") = "TPPacket", "TPPacket\TPPacket.csproj", "{DF6AD4B3-49BF-42AE-802D-8F95FD22AF56}"
EndProject
Global
	GlobalSection(SolutionConfigurationPlatforms) = preSolution
		Debug|Any CPU = Debug|Any CPU
		Release|Any CPU = Release|Any CPU
	EndGlobalSection
	GlobalSection(ProjectConfigurationPlatforms) = postSolution
		{DF6AD4B3-49BF-42AE-802D-8F95FD22AF56}.Debug|Any CPU.ActiveCfg = Debug|Any CPU
		{DF6AD4B3-49BF-42AE-802D-8F95FD22AF56}.Debug|Any CPU.Build.0 = Debug|Any CPU
		{DF6AD4B3-49BF-42AE-802D-8F95FD22AF56}.Release|Any CPU.ActiveCfg = Release|Any CPU
		{DF6AD4B3-49BF-42AE-802D-8F95FD22AF56}.Release|Any CPU.Build.0 = Release|Any CPU
	EndGlobalSection
	GlobalSection(SolutionProperties) = preSolution
		HideSolutionNode = FALSE
	EndGlobalSection
	GlobalSection(ExtensibilityGlobals) = postSolution
		SolutionGuid = {E9842886-EC3A-46A4-AE53-5BB475711EB6}
	EndGlobalSection
EndGlobal
